
Microsoft Visual Studio Solution File, Format Version 12.00
# Visual Studio 15
VisualStudioVersion = 15.0.28010.2026
MinimumVisualStudioVersion = 10.0.40219.1
Project("{FAE04EC0-301F-11D3-BF4B-00C04F79EFBC}") = "CodeLouisvileOccupationdata", "CodeLouisvileOccupationdata.csproj", "{864FFE68-7C04-475C-920F-805D438C9B81}"
EndProject
Global
	GlobalSection(SolutionConfigurationPlatforms) = preSolution
		Debug|Any CPU = Debug|Any CPU
		Release|Any CPU = Release|Any CPU
	EndGlobalSection
	GlobalSection(ProjectConfigurationPlatforms) = postSolution
		{864FFE68-7C04-475C-920F-805D438C9B81}.Debug|Any CPU.ActiveCfg = Debug|Any CPU
		{864FFE68-7C04-475C-920F-805D438C9B81}.Debug|Any CPU.Build.0 = Debug|Any CPU
		{864FFE68-7C04-475C-920F-805D438C9B81}.Release|Any CPU.ActiveCfg = Release|Any CPU
		{864FFE68-7C04-475C-920F-805D438C9B81}.Release|Any CPU.Build.0 = Release|Any CPU
	EndGlobalSection
	GlobalSection(SolutionProperties) = preSolution
		HideSolutionNode = FALSE
	EndGlobalSection
	GlobalSection(ExtensibilityGlobals) = postSolution
		SolutionGuid = {2EA7A95E-AEC3-4554-8F3A-97F872F39143}
	EndGlobalSection
EndGlobal
